// !$*UTF8*$!
{
	archiveVersion = 1;
	classes = {
	};
	objectVersion = 46;
	objects = {

/* Begin PBXBuildFile section */
		6805FD7B1E07EA1900718DBB /* Task.swift in Sources */ = {isa = PBXBuildFile; fileRef = 6805FD7A1E07EA1900718DBB /* Task.swift */; };
		6805FD7D1E08047200718DBB /* TaskListViewController.swift in Sources */ = {isa = PBXBuildFile; fileRef = 6805FD7C1E08047200718DBB /* TaskListViewController.swift */; };
		680656A11E0A934900971C73 /* TaskEditViewController.swift in Sources */ = {isa = PBXBuildFile; fileRef = 680656A01E0A934900971C73 /* TaskEditViewController.swift */; };
		68229BE11E0675EA00FEBA09 /* AppDelegate.swift in Sources */ = {isa = PBXBuildFile; fileRef = 68229BE01E0675EA00FEBA09 /* AppDelegate.swift */; };
		68229BE61E0675EA00FEBA09 /* Main.storyboard in Resources */ = {isa = PBXBuildFile; fileRef = 68229BE41E0675EA00FEBA09 /* Main.storyboard */; };
		68229BE81E0675EA00FEBA09 /* Assets.xcassets in Resources */ = {isa = PBXBuildFile; fileRef = 68229BE71E0675EA00FEBA09 /* Assets.xcassets */; };
		68229BEB1E0675EA00FEBA09 /* LaunchScreen.storyboard in Resources */ = {isa = PBXBuildFile; fileRef = 68229BE91E0675EA00FEBA09 /* LaunchScreen.storyboard */; };
/* End PBXBuildFile section */

/* Begin PBXFileReference section */
		6805FD7A1E07EA1900718DBB /* Task.swift */ = {isa = PBXFileReference; fileEncoding = 4; lastKnownFileType = sourcecode.swift; path = Task.swift; sourceTree = "<group>"; };
		6805FD7C1E08047200718DBB /* TaskListViewController.swift */ = {isa = PBXFileReference; fileEncoding = 4; indentWidth = 2; lastKnownFileType = sourcecode.swift; path = TaskListViewController.swift; sourceTree = "<group>"; tabWidth = 2; };
		680656A01E0A934900971C73 /* TaskEditViewController.swift */ = {isa = PBXFileReference; fileEncoding = 4; lastKnownFileType = sourcecode.swift; path = TaskEditViewController.swift; sourceTree = "<group>"; };
		68229BDD1E0675E900FEBA09 /* 투두박스.app */ = {isa = PBXFileReference; explicitFileType = wrapper.application; includeInIndex = 0; path = "투두박스.app"; sourceTree = BUILT_PRODUCTS_DIR; };
		68229BE01E0675EA00FEBA09 /* AppDelegate.swift */ = {isa = PBXFileReference; lastKnownFileType = sourcecode.swift; path = AppDelegate.swift; sourceTree = "<group>"; };
		68229BE51E0675EA00FEBA09 /* Base */ = {isa = PBXFileReference; lastKnownFileType = file.storyboard; name = Base; path = Base.lproj/Main.storyboard; sourceTree = "<group>"; };
		68229BE71E0675EA00FEBA09 /* Assets.xcassets */ = {isa = PBXFileReference; lastKnownFileType = folder.assetcatalog; path = Assets.xcassets; sourceTree = "<group>"; };
		68229BEA1E0675EA00FEBA09 /* Base */ = {isa = PBXFileReference; lastKnownFileType = file.storyboard; name = Base; path = Base.lproj/LaunchScreen.storyboard; sourceTree = "<group>"; };
		68229BEC1E0675EA00FEBA09 /* Info.plist */ = {isa = PBXFileReference; lastKnownFileType = text.plist.xml; path = Info.plist; sourceTree = "<group>"; };
/* End PBXFileReference section */

/* Begin PBXFrameworksBuildPhase section */
		68229BDA1E0675E900FEBA09 /* Frameworks */ = {
			isa = PBXFrameworksBuildPhase;
			buildActionMask = 2147483647;
			files = (
			);
			runOnlyForDeploymentPostprocessing = 0;
		};
/* End PBXFrameworksBuildPhase section */

/* Begin PBXGroup section */
		68229BD41E0675E900FEBA09 = {
			isa = PBXGroup;
			children = (
				68229BDF1E0675E900FEBA09 /* Todobox */,
				68229BDE1E0675E900FEBA09 /* Products */,
			);
			sourceTree = "<group>";
		};
		68229BDE1E0675E900FEBA09 /* Products */ = {
			isa = PBXGroup;
			children = (
				68229BDD1E0675E900FEBA09 /* 투두박스.app */,
			);
			name = Products;
			sourceTree = "<group>";
		};
		68229BDF1E0675E900FEBA09 /* Todobox */ = {
			isa = PBXGroup;
			children = (
				68229BE01E0675EA00FEBA09 /* AppDelegate.swift */,
				68229BE41E0675EA00FEBA09 /* Main.storyboard */,
				6805FD7A1E07EA1900718DBB /* Task.swift */,
				68229BE71E0675EA00FEBA09 /* Assets.xcassets */,
				68229BE91E0675EA00FEBA09 /* LaunchScreen.storyboard */,
				68229BEC1E0675EA00FEBA09 /* Info.plist */,
				6805FD7C1E08047200718DBB /* TaskListViewController.swift */,
				680656A01E0A934900971C73 /* TaskEditViewController.swift */,
			);
			path = Todobox;
			sourceTree = "<group>";
		};
/* End PBXGroup section */

/* Begin PBXNativeTarget section */
		68229BDC1E0675E900FEBA09 /* Todobox */ = {
			isa = PBXNativeTarget;
			buildConfigurationList = 68229BEF1E0675EA00FEBA09 /* Build configuration list for PBXNativeTarget "Todobox" */;
			buildPhases = (
				68229BD91E0675E900FEBA09 /* Sources */,
				68229BDA1E0675E900FEBA09 /* Frameworks */,
				68229BDB1E0675E900FEBA09 /* Resources */,
			);
			buildRules = (
			);
			dependencies = (
			);
			name = Todobox;
			productName = Todobox;
			productReference = 68229BDD1E0675E900FEBA09 /* 투두박스.app */;
			productType = "com.apple.product-type.application";
		};
/* End PBXNativeTarget section */

/* Begin PBXProject section */
		68229BD51E0675E900FEBA09 /* Project object */ = {
			isa = PBXProject;
			attributes = {
				LastSwiftUpdateCheck = 0820;
				LastUpgradeCheck = 0820;
				ORGANIZATIONNAME = "Junseok Oh";
				TargetAttributes = {
					68229BDC1E0675E900FEBA09 = {
						CreatedOnToolsVersion = 8.2;
						DevelopmentTeam = 3EUY8UK89D;
						ProvisioningStyle = Automatic;
					};
				};
			};
			buildConfigurationList = 68229BD81E0675E900FEBA09 /* Build configuration list for PBXProject "Todobox" */;
			compatibilityVersion = "Xcode 3.2";
			developmentRegion = English;
			hasScannedForEncodings = 0;
			knownRegions = (
				en,
				Base,
			);
			mainGroup = 68229BD41E0675E900FEBA09;
			productRefGroup = 68229BDE1E0675E900FEBA09 /* Products */;
			projectDirPath = "";
			projectRoot = "";
			targets = (
				68229BDC1E0675E900FEBA09 /* Todobox */,
			);
		};
/* End PBXProject section */

/* Begin PBXResourcesBuildPhase section */
		68229BDB1E0675E900FEBA09 /* Resources */ = {
			isa = PBXResourcesBuildPhase;
			buildActionMask = 2147483647;
			files = (
				68229BEB1E0675EA00FEBA09 /* LaunchScreen.storyboard in Resources */,
				68229BE81E0675EA00FEBA09 /* Assets.xcassets in Resources */,
				68229BE61E0675EA00FEBA09 /* Main.storyboard in Resources */,
			);
			runOnlyForDeploymentPostprocessing = 0;
		};
/* End PBXResourcesBuildPhase section */

/* Begin PBXSourcesBuildPhase section */
		68229BD91E0675E900FEBA09 /* Sources */ = {
			isa = PBXSourcesBuildPhase;
			buildActionMask = 2147483647;
			files = (
				6805FD7B1E07EA1900718DBB /* Task.swift in Sources */,
				68229BE11E0675EA00FEBA09 /* AppDelegate.swift in Sources */,
				6805FD7D1E08047200718DBB /* TaskListViewController.swift in Sources */,
				680656A11E0A934900971C73 /* TaskEditViewController.swift in Sources */,
			);
			runOnlyForDeploymentPostprocessing = 0;
		};
/* End PBXSourcesBuildPhase section */

/* Begin PBXVariantGroup section */
		68229BE41E0675EA00FEBA09 /* Main.storyboard */ = {
			isa = PBXVariantGroup;
			children = (
				68229BE51E0675EA00FEBA09 /* Base */,
			);
			name = Main.storyboard;
			sourceTree = "<group>";
		};
		68229BE91E0675EA00FEBA09 /* LaunchScreen.storyboard */ = {
			isa = PBXVariantGroup;
			children = (
				68229BEA1E0675EA00FEBA09 /* Base */,
			);
			name = LaunchScreen.storyboard;
			sourceTree = "<group>";
		};
/* End PBXVariantGroup section */

/* Begin XCBuildConfiguration section */
		68229BED1E0675EA00FEBA09 /* Debug */ = {
			isa = XCBuildConfiguration;
			buildSettings = {
				ALWAYS_SEARCH_USER_PATHS = NO;
				CLANG_ANALYZER_NONNULL = YES;
				CLANG_CXX_LANGUAGE_STANDARD = "gnu++0x";
				CLANG_CXX_LIBRARY = "libc++";
				CLANG_ENABLE_MODULES = YES;
				CLANG_ENABLE_OBJC_ARC = YES;
				CLANG_WARN_BOOL_CONVERSION = YES;
				CLANG_WARN_CONSTANT_CONVERSION = YES;
				CLANG_WARN_DIRECT_OBJC_ISA_USAGE = YES_ERROR;
				CLANG_WARN_DOCUMENTATION_COMMENTS = YES;
				CLANG_WARN_EMPTY_BODY = YES;
				CLANG_WARN_ENUM_CONVERSION = YES;
				CLANG_WARN_INFINITE_RECURSION = YES;
				CLANG_WARN_INT_CONVERSION = YES;
				CLANG_WARN_OBJC_ROOT_CLASS = YES_ERROR;
				CLANG_WARN_SUSPICIOUS_MOVE = YES;
				CLANG_WARN_UNREACHABLE_CODE = YES;
				CLANG_WARN__DUPLICATE_METHOD_MATCH = YES;
				"CODE_SIGN_IDENTITY[sdk=iphoneos*]" = "iPhone Developer";
				COPY_PHASE_STRIP = NO;
				DEBUG_INFORMATION_FORMAT = dwarf;
				ENABLE_STRICT_OBJC_MSGSEND = YES;
				ENABLE_TESTABILITY = YES;
				GCC_C_LANGUAGE_STANDARD = gnu99;
				GCC_DYNAMIC_NO_PIC = NO;
				GCC_NO_COMMON_BLOCKS = YES;
				GCC_OPTIMIZATION_LEVEL = 0;
				GCC_PREPROCESSOR_DEFINITIONS = (
					"DEBUG=1",
					"$(inherited)",
				);
				GCC_WARN_64_TO_32_BIT_CONVERSION = YES;
				GCC_WARN_ABOUT_RETURN_TYPE = YES_ERROR;
				GCC_WARN_UNDECLARED_SELECTOR = YES;
				GCC_WARN_UNINITIALIZED_AUTOS = YES_AGGRESSIVE;
				GCC_WARN_UNUSED_FUNCTION = YES;
				GCC_WARN_UNUSED_VARIABLE = YES;
				IPHONEOS_DEPLOYMENT_TARGET = 9.0;
				MTL_ENABLE_DEBUG_INFO = YES;
				ONLY_ACTIVE_ARCH = YES;
				SDKROOT = iphoneos;
				SWIFT_ACTIVE_COMPILATION_CONDITIONS = DEBUG;
				SWIFT_OPTIMIZATION_LEVEL = "-Onone";
			};
			name = Debug;
		};
		68229BEE1E0675EA00FEBA09 /* Release */ = {
			isa = XCBuildConfiguration;
			buildSettings = {
				ALWAYS_SEARCH_USER_PATHS = NO;
				CLANG_ANALYZER_NONNULL = YES;
				CLANG_CXX_LANGUAGE_STANDARD = "gnu++0x";
				CLANG_CXX_LIBRARY = "libc++";
				CLANG_ENABLE_MODULES = YES;
				CLANG_ENABLE_OBJC_ARC = YES;
				CLANG_WARN_BOOL_CONVERSION = YES;
				CLANG_WARN_CONSTANT_CONVERSION = YES;
				CLANG_WARN_DIRECT_OBJC_ISA_USAGE = YES_ERROR;
				CLANG_WARN_DOCUMENTATION_COMMENTS = YES;
				CLANG_WARN_EMPTY_BODY = YES;
				CLANG_WARN_ENUM_CONVERSION = YES;
				CLANG_WARN_INFINITE_RECURSION = YES;
				CLANG_WARN_INT_CONVERSION = YES;
				CLANG_WARN_OBJC_ROOT_CLASS = YES_ERROR;
				CLANG_WARN_SUSPICIOUS_MOVE = YES;
				CLANG_WARN_UNREACHABLE_CODE = YES;
				CLANG_WARN__DUPLICATE_METHOD_MATCH = YES;
				"CODE_SIGN_IDENTITY[sdk=iphoneos*]" = "iPhone Developer";
				COPY_PHASE_STRIP = NO;
				DEBUG_INFORMATION_FORMAT = "dwarf-with-dsym";
				ENABLE_NS_ASSERTIONS = NO;
				ENABLE_STRICT_OBJC_MSGSEND = YES;
				GCC_C_LANGUAGE_STANDARD = gnu99;
				GCC_NO_COMMON_BLOCKS = YES;
				GCC_WARN_64_TO_32_BIT_CONVERSION = YES;
				GCC_WARN_ABOUT_RETURN_TYPE = YES_ERROR;
				GCC_WARN_UNDECLARED_SELECTOR = YES;
				GCC_WARN_UNINITIALIZED_AUTOS = YES_AGGRESSIVE;
				GCC_WARN_UNUSED_FUNCTION = YES;
				GCC_WARN_UNUSED_VARIABLE = YES;
				IPHONEOS_DEPLOYMENT_TARGET = 9.0;
				MTL_ENABLE_DEBUG_INFO = NO;
				SDKROOT = iphoneos;
				SWIFT_OPTIMIZATION_LEVEL = "-Owholemodule";
				VALIDATE_PRODUCT = YES;
			};
			name = Release;
		};
		68229BF01E0675EA00FEBA09 /* Debug */ = {
			isa = XCBuildConfiguration;
			buildSettings = {
				ASSETCATALOG_COMPILER_APPICON_NAME = AppIcon;
				"CODE_SIGN_IDENTITY[sdk=iphoneos*]" = "iPhone Developer";
				DEVELOPMENT_TEAM = 3EUY8UK89D;
				INFOPLIST_FILE = Todobox/Info.plist;
				LD_RUNPATH_SEARCH_PATHS = "$(inherited) @executable_path/Frameworks";
				PRODUCT_BUNDLE_IDENTIFIER = kr.edcan.Todobox1;
				PRODUCT_NAME = "투두박스";
				SWIFT_VERSION = 3.0;
			};
			name = Debug;
		};
		68229BF11E0675EA00FEBA09 /* Release */ = {
			isa = XCBuildConfiguration;
			buildSettings = {
				ASSETCATALOG_COMPILER_APPICON_NAME = AppIcon;
				"CODE_SIGN_IDENTITY[sdk=iphoneos*]" = "iPhone Developer";
				DEVELOPMENT_TEAM = 3EUY8UK89D;
				INFOPLIST_FILE = Todobox/Info.plist;
				LD_RUNPATH_SEARCH_PATHS = "$(inherited) @executable_path/Frameworks";
				PRODUCT_BUNDLE_IDENTIFIER = kr.edcan.Todobox1;
				PRODUCT_NAME = "투두박스";
				SWIFT_VERSION = 3.0;
			};
			name = Release;
		};
/* End XCBuildConfiguration section */

/* Begin XCConfigurationList section */
		68229BD81E0675E900FEBA09 /* Build configuration list for PBXProject "Todobox" */ = {
			isa = XCConfigurationList;
			buildConfigurations = (
				68229BED1E0675EA00FEBA09 /* Debug */,
				68229BEE1E0675EA00FEBA09 /* Release */,
			);
			defaultConfigurationIsVisible = 0;
			defaultConfigurationName = Release;
		};
		68229BEF1E0675EA00FEBA09 /* Build configuration list for PBXNativeTarget "Todobox" */ = {
			isa = XCConfigurationList;
			buildConfigurations = (
				68229BF01E0675EA00FEBA09 /* Debug */,
				68229BF11E0675EA00FEBA09 /* Release */,
			);
			defaultConfigurationIsVisible = 0;
			defaultConfigurationName = Release;
		};
/* End XCConfigurationList section */
	};
	rootObject = 68229BD51E0675E900FEBA09 /* Project object */;
}
